# This file was autogenerated by Stack.
# You should not edit this file by hand.
# For more information, please see the documentation at:
#   https://docs.haskellstack.org/en/stable/lock_files

packages:
- completed:
    hackage: logict-0.7.1.0@sha256:e3c96033c5baf50eb61d65a22fad1809ffca29809345ad887d51ea6e570a141f,1641
    pantry-tree:
      size: 502
      sha256: 0bf26bdd19540a6dbb7d4c8a0ef434df39626026245c026ce204e1f63575d754
  original:
    hackage: logict-0.7.1.0
snapshots:
- completed:
    size: 586110
    url: https://raw.githubusercontent.com/commercialhaskell/stackage-snapshots/master/lts/18/21.yaml
    sha256: ce4fb8d44f3c6c6032060a02e0ebb1bd29937c9a70101c1517b92a87d9515160
  original:
    url: https://raw.githubusercontent.com/commercialhaskell/stackage-snapshots/master/lts/18/21.yaml
